// !$*UTF8*$!
{
	archiveVersion = 1;
	classes = {
	};
	objectVersion = 46;
	objects = {

/* Begin PBXBuildFile section */
		4A81A3AB168C34D4006180C5 /* UIKit.framework in Frameworks */ = {isa = PBXBuildFile; fileRef = 4A81A3AA168C34D4006180C5 /* UIKit.framework */; };
		4A81A3AD168C34D4006180C5 /* Foundation.framework in Frameworks */ = {isa = PBXBuildFile; fileRef = 4A81A3AC168C34D4006180C5 /* Foundation.framework */; };
		4A81A3AF168C34D4006180C5 /* CoreGraphics.framework in Frameworks */ = {isa = PBXBuildFile; fileRef = 4A81A3AE168C34D4006180C5 /* CoreGraphics.framework */; };
		4A81A3B5168C34D4006180C5 /* InfoPlist.strings in Resources */ = {isa = PBXBuildFile; fileRef = 4A81A3B3168C34D4006180C5 /* InfoPlist.strings */; };
		4A81A3B7168C34D4006180C5 /* main.m in Sources */ = {isa = PBXBuildFile; fileRef = 4A81A3B6168C34D4006180C5 /* main.m */; };
		4A81A3BB168C34D4006180C5 /* KAppDelegate.m in Sources */ = {isa = PBXBuildFile; fileRef = 4A81A3BA168C34D4006180C5 /* KAppDelegate.m */; };
		4A81A3BD168C34D4006180C5 /* Default.png in Resources */ = {isa = PBXBuildFile; fileRef = 4A81A3BC168C34D4006180C5 /* Default.png */; };
		4A81A3BF168C34D4006180C5 /* Default@2x.png in Resources */ = {isa = PBXBuildFile; fileRef = 4A81A3BE168C34D4006180C5 /* Default@2x.png */; };
		4A81A3C1168C34D4006180C5 /* Default-568h@2x.png in Resources */ = {isa = PBXBuildFile; fileRef = 4A81A3C0168C34D4006180C5 /* Default-568h@2x.png */; };
		4A81A3C4168C34D4006180C5 /* KViewController.m in Sources */ = {isa = PBXBuildFile; fileRef = 4A81A3C3168C34D4006180C5 /* KViewController.m */; };
		4A81A3C7168C34D4006180C5 /* KViewController.xib in Resources */ = {isa = PBXBuildFile; fileRef = 4A81A3C5168C34D4006180C5 /* KViewController.xib */; };
		4A81A3D0168C37A2006180C5 /* TableViewCell.xib in Resources */ = {isa = PBXBuildFile; fileRef = 4A81A3CF168C37A2006180C5 /* TableViewCell.xib */; };
		4A81A3D5168D2DDD006180C5 /* QuartzCore.framework in Frameworks */ = {isa = PBXBuildFile; fileRef = 4A81A3D4168D2DDD006180C5 /* QuartzCore.framework */; };
		4A81A3D8168D3117006180C5 /* EGORefreshTableHeaderView.m in Sources */ = {isa = PBXBuildFile; fileRef = 4A81A3D7168D3117006180C5 /* EGORefreshTableHeaderView.m */; };
		4A81A3DB168D6CE4006180C5 /* KRefreshTableView.m in Sources */ = {isa = PBXBuildFile; fileRef = 4A81A3DA168D6CE4006180C5 /* KRefreshTableView.m */; };
/* End PBXBuildFile section */

/* Begin PBXFileReference section */
		4A81A3A6168C34D4006180C5 /* DragList.app */ = {isa = PBXFileReference; explicitFileType = wrapper.application; includeInIndex = 0; path = DragList.app; sourceTree = BUILT_PRODUCTS_DIR; };
		4A81A3AA168C34D4006180C5 /* UIKit.framework */ = {isa = PBXFileReference; lastKnownFileType = wrapper.framework; name = UIKit.framework; path = System/Library/Frameworks/UIKit.framework; sourceTree = SDKROOT; };
		4A81A3AC168C34D4006180C5 /* Foundation.framework */ = {isa = PBXFileReference; lastKnownFileType = wrapper.framework; name = Foundation.framework; path = System/Library/Frameworks/Foundation.framework; sourceTree = SDKROOT; };
		4A81A3AE168C34D4006180C5 /* CoreGraphics.framework */ = {isa = PBXFileReference; lastKnownFileType = wrapper.framework; name = CoreGraphics.framework; path = System/Library/Frameworks/CoreGraphics.framework; sourceTree = SDKROOT; };
		4A81A3B2168C34D4006180C5 /* DragList-Info.plist */ = {isa = PBXFileReference; lastKnownFileType = text.plist.xml; path = "DragList-Info.plist"; sourceTree = "<group>"; };
		4A81A3B4168C34D4006180C5 /* en */ = {isa = PBXFileReference; lastKnownFileType = text.plist.strings; name = en; path = en.lproj/InfoPlist.strings; sourceTree = "<group>"; };
		4A81A3B6168C34D4006180C5 /* main.m */ = {isa = PBXFileReference; lastKnownFileType = sourcecode.c.objc; path = main.m; sourceTree = "<group>"; };
		4A81A3B8168C34D4006180C5 /* DragList-Prefix.pch */ = {isa = PBXFileReference; lastKnownFileType = sourcecode.c.h; path = "DragList-Prefix.pch"; sourceTree = "<group>"; };
		4A81A3B9168C34D4006180C5 /* KAppDelegate.h */ = {isa = PBXFileReference; lastKnownFileType = sourcecode.c.h; path = KAppDelegate.h; sourceTree = "<group>"; };
		4A81A3BA168C34D4006180C5 /* KAppDelegate.m */ = {isa = PBXFileReference; lastKnownFileType = sourcecode.c.objc; path = KAppDelegate.m; sourceTree = "<group>"; };
		4A81A3BC168C34D4006180C5 /* Default.png */ = {isa = PBXFileReference; lastKnownFileType = image.png; path = Default.png; sourceTree = "<group>"; };
		4A81A3BE168C34D4006180C5 /* Default@2x.png */ = {isa = PBXFileReference; lastKnownFileType = image.png; path = "Default@2x.png"; sourceTree = "<group>"; };
		4A81A3C0168C34D4006180C5 /* Default-568h@2x.png */ = {isa = PBXFileReference; lastKnownFileType = image.png; path = "Default-568h@2x.png"; sourceTree = "<group>"; };
		4A81A3C2168C34D4006180C5 /* KViewController.h */ = {isa = PBXFileReference; lastKnownFileType = sourcecode.c.h; path = KViewController.h; sourceTree = "<group>"; };
		4A81A3C3168C34D4006180C5 /* KViewController.m */ = {isa = PBXFileReference; lastKnownFileType = sourcecode.c.objc; path = KViewController.m; sourceTree = "<group>"; };
		4A81A3C6168C34D4006180C5 /* en */ = {isa = PBXFileReference; lastKnownFileType = file.xib; name = en; path = en.lproj/KViewController.xib; sourceTree = "<group>"; };
		4A81A3CF168C37A2006180C5 /* TableViewCell.xib */ = {isa = PBXFileReference; fileEncoding = 4; lastKnownFileType = file.xib; path = TableViewCell.xib; sourceTree = "<group>"; };
		4A81A3D4168D2DDD006180C5 /* QuartzCore.framework */ = {isa = PBXFileReference; lastKnownFileType = wrapper.framework; name = QuartzCore.framework; path = System/Library/Frameworks/QuartzCore.framework; sourceTree = SDKROOT; };
		4A81A3D6168D3117006180C5 /* EGORefreshTableHeaderView.h */ = {isa = PBXFileReference; fileEncoding = 4; lastKnownFileType = sourcecode.c.h; path = EGORefreshTableHeaderView.h; sourceTree = "<group>"; };
		4A81A3D7168D3117006180C5 /* EGORefreshTableHeaderView.m */ = {isa = PBXFileReference; fileEncoding = 4; lastKnownFileType = sourcecode.c.objc; path = EGORefreshTableHeaderView.m; sourceTree = "<group>"; };
		4A81A3D9168D6CE4006180C5 /* KRefreshTableView.h */ = {isa = PBXFileReference; fileEncoding = 4; lastKnownFileType = sourcecode.c.h; path = KRefreshTableView.h; sourceTree = "<group>"; };
		4A81A3DA168D6CE4006180C5 /* KRefreshTableView.m */ = {isa = PBXFileReference; fileEncoding = 4; lastKnownFileType = sourcecode.c.objc; path = KRefreshTableView.m; sourceTree = "<group>"; };
/* End PBXFileReference section */

/* Begin PBXFrameworksBuildPhase section */
		4A81A3A3168C34D4006180C5 /* Frameworks */ = {
			isa = PBXFrameworksBuildPhase;
			buildActionMask = 2147483647;
			files = (
				4A81A3D5168D2DDD006180C5 /* QuartzCore.framework in Frameworks */,
				4A81A3AB168C34D4006180C5 /* UIKit.framework in Frameworks */,
				4A81A3AD168C34D4006180C5 /* Foundation.framework in Frameworks */,
				4A81A3AF168C34D4006180C5 /* CoreGraphics.framework in Frameworks */,
			);
			runOnlyForDeploymentPostprocessing = 0;
		};
/* End PBXFrameworksBuildPhase section */

/* Begin PBXGroup section */
		4A81A39B168C34D4006180C5 = {
			isa = PBXGroup;
			children = (
				4A81A3D4168D2DDD006180C5 /* QuartzCore.framework */,
				4A81A3B0168C34D4006180C5 /* DragList */,
				4A81A3A9168C34D4006180C5 /* Frameworks */,
				4A81A3A7168C34D4006180C5 /* Products */,
			);
			sourceTree = "<group>";
		};
		4A81A3A7168C34D4006180C5 /* Products */ = {
			isa = PBXGroup;
			children = (
				4A81A3A6168C34D4006180C5 /* DragList.app */,
			);
			name = Products;
			sourceTree = "<group>";
		};
		4A81A3A9168C34D4006180C5 /* Frameworks */ = {
			isa = PBXGroup;
			children = (
				4A81A3AA168C34D4006180C5 /* UIKit.framework */,
				4A81A3AC168C34D4006180C5 /* Foundation.framework */,
				4A81A3AE168C34D4006180C5 /* CoreGraphics.framework */,
			);
			name = Frameworks;
			sourceTree = "<group>";
		};
		4A81A3B0168C34D4006180C5 /* DragList */ = {
			isa = PBXGroup;
			children = (
				4A81A3D6168D3117006180C5 /* EGORefreshTableHeaderView.h */,
				4A81A3D7168D3117006180C5 /* EGORefreshTableHeaderView.m */,
				4A81A3B9168C34D4006180C5 /* KAppDelegate.h */,
				4A81A3BA168C34D4006180C5 /* KAppDelegate.m */,
				4A81A3C2168C34D4006180C5 /* KViewController.h */,
				4A81A3C3168C34D4006180C5 /* KViewController.m */,
				4A81A3C5168C34D4006180C5 /* KViewController.xib */,
				4A81A3B1168C34D4006180C5 /* Supporting Files */,
				4A81A3CF168C37A2006180C5 /* TableViewCell.xib */,
				4A81A3D9168D6CE4006180C5 /* KRefreshTableView.h */,
				4A81A3DA168D6CE4006180C5 /* KRefreshTableView.m */,
			);
			path = DragList;
			sourceTree = "<group>";
		};
		4A81A3B1168C34D4006180C5 /* Supporting Files */ = {
			isa = PBXGroup;
			children = (
				4A81A3B2168C34D4006180C5 /* DragList-Info.plist */,
				4A81A3B3168C34D4006180C5 /* InfoPlist.strings */,
				4A81A3B6168C34D4006180C5 /* main.m */,
				4A81A3B8168C34D4006180C5 /* DragList-Prefix.pch */,
				4A81A3BC168C34D4006180C5 /* Default.png */,
				4A81A3BE168C34D4006180C5 /* Default@2x.png */,
				4A81A3C0168C34D4006180C5 /* Default-568h@2x.png */,
			);
			name = "Supporting Files";
			sourceTree = "<group>";
		};
/* End PBXGroup section */

/* Begin PBXNativeTarget section */
		4A81A3A5168C34D4006180C5 /* DragList */ = {
			isa = PBXNativeTarget;
			buildConfigurationList = 4A81A3CA168C34D4006180C5 /* Build configuration list for PBXNativeTarget "DragList" */;
			buildPhases = (
				4A81A3A2168C34D4006180C5 /* Sources */,
				4A81A3A3168C34D4006180C5 /* Frameworks */,
				4A81A3A4168C34D4006180C5 /* Resources */,
			);
			buildRules = (
			);
			dependencies = (
			);
			name = DragList;
			productName = DragList;
			productReference = 4A81A3A6168C34D4006180C5 /* DragList.app */;
			productType = "com.apple.product-type.application";
		};
/* End PBXNativeTarget section */

/* Begin PBXProject section */
		4A81A39D168C34D4006180C5 /* Project object */ = {
			isa = PBXProject;
			attributes = {
				CLASSPREFIX = K;
				LastUpgradeCheck = 0450;
				ORGANIZATIONNAME = Kevin;
			};
			buildConfigurationList = 4A81A3A0168C34D4006180C5 /* Build configuration list for PBXProject "DragList" */;
			compatibilityVersion = "Xcode 3.2";
			developmentRegion = English;
			hasScannedForEncodings = 0;
			knownRegions = (
				en,
			);
			mainGroup = 4A81A39B168C34D4006180C5;
			productRefGroup = 4A81A3A7168C34D4006180C5 /* Products */;
			projectDirPath = "";
			projectRoot = "";
			targets = (
				4A81A3A5168C34D4006180C5 /* DragList */,
			);
		};
/* End PBXProject section */

/* Begin PBXResourcesBuildPhase section */
		4A81A3A4168C34D4006180C5 /* Resources */ = {
			isa = PBXResourcesBuildPhase;
			buildActionMask = 2147483647;
			files = (
				4A81A3B5168C34D4006180C5 /* InfoPlist.strings in Resources */,
				4A81A3BD168C34D4006180C5 /* Default.png in Resources */,
				4A81A3BF168C34D4006180C5 /* Default@2x.png in Resources */,
				4A81A3C1168C34D4006180C5 /* Default-568h@2x.png in Resources */,
				4A81A3C7168C34D4006180C5 /* KViewController.xib in Resources */,
				4A81A3D0168C37A2006180C5 /* TableViewCell.xib in Resources */,
			);
			runOnlyForDeploymentPostprocessing = 0;
		};
/* End PBXResourcesBuildPhase section */

/* Begin PBXSourcesBuildPhase section */
		4A81A3A2168C34D4006180C5 /* Sources */ = {
			isa = PBXSourcesBuildPhase;
			buildActionMask = 2147483647;
			files = (
				4A81A3B7168C34D4006180C5 /* main.m in Sources */,
				4A81A3BB168C34D4006180C5 /* KAppDelegate.m in Sources */,
				4A81A3C4168C34D4006180C5 /* KViewController.m in Sources */,
				4A81A3D8168D3117006180C5 /* EGORefreshTableHeaderView.m in Sources */,
				4A81A3DB168D6CE4006180C5 /* KRefreshTableView.m in Sources */,
			);
			runOnlyForDeploymentPostprocessing = 0;
		};
/* End PBXSourcesBuildPhase section */

/* Begin PBXVariantGroup section */
		4A81A3B3168C34D4006180C5 /* InfoPlist.strings */ = {
			isa = PBXVariantGroup;
			children = (
				4A81A3B4168C34D4006180C5 /* en */,
			);
			name = InfoPlist.strings;
			sourceTree = "<group>";
		};
		4A81A3C5168C34D4006180C5 /* KViewController.xib */ = {
			isa = PBXVariantGroup;
			children = (
				4A81A3C6168C34D4006180C5 /* en */,
			);
			name = KViewController.xib;
			sourceTree = "<group>";
		};
/* End PBXVariantGroup section */

/* Begin XCBuildConfiguration section */
		4A81A3C8168C34D4006180C5 /* Debug */ = {
			isa = XCBuildConfiguration;
			buildSettings = {
				ALWAYS_SEARCH_USER_PATHS = NO;
				CLANG_CXX_LANGUAGE_STANDARD = "gnu++0x";
				CLANG_CXX_LIBRARY = "libc++";
				CLANG_WARN_EMPTY_BODY = YES;
				CLANG_WARN__DUPLICATE_METHOD_MATCH = YES;
				"CODE_SIGN_IDENTITY[sdk=iphoneos*]" = "iPhone Developer";
				COPY_PHASE_STRIP = NO;
				GCC_C_LANGUAGE_STANDARD = gnu99;
				GCC_DYNAMIC_NO_PIC = NO;
				GCC_OPTIMIZATION_LEVEL = 0;
				GCC_PREPROCESSOR_DEFINITIONS = (
					"DEBUG=1",
					"$(inherited)",
				);
				GCC_SYMBOLS_PRIVATE_EXTERN = NO;
				GCC_WARN_ABOUT_RETURN_TYPE = YES;
				GCC_WARN_UNINITIALIZED_AUTOS = YES;
				GCC_WARN_UNUSED_VARIABLE = YES;
				IPHONEOS_DEPLOYMENT_TARGET = 6.0;
				ONLY_ACTIVE_ARCH = YES;
				SDKROOT = iphoneos;
			};
			name = Debug;
		};
		4A81A3C9168C34D4006180C5 /* Release */ = {
			isa = XCBuildConfiguration;
			buildSettings = {
				ALWAYS_SEARCH_USER_PATHS = NO;
				CLANG_CXX_LANGUAGE_STANDARD = "gnu++0x";
				CLANG_CXX_LIBRARY = "libc++";
				CLANG_WARN_EMPTY_BODY = YES;
				CLANG_WARN__DUPLICATE_METHOD_MATCH = YES;
				"CODE_SIGN_IDENTITY[sdk=iphoneos*]" = "iPhone Developer";
				COPY_PHASE_STRIP = YES;
				GCC_C_LANGUAGE_STANDARD = gnu99;
				GCC_WARN_ABOUT_RETURN_TYPE = YES;
				GCC_WARN_UNINITIALIZED_AUTOS = YES;
				GCC_WARN_UNUSED_VARIABLE = YES;
				IPHONEOS_DEPLOYMENT_TARGET = 6.0;
				OTHER_CFLAGS = "-DNS_BLOCK_ASSERTIONS=1";
				SDKROOT = iphoneos;
				VALIDATE_PRODUCT = YES;
			};
			name = Release;
		};
		4A81A3CB168C34D4006180C5 /* Debug */ = {
			isa = XCBuildConfiguration;
			buildSettings = {
				GCC_PRECOMPILE_PREFIX_HEADER = YES;
				GCC_PREFIX_HEADER = "DragList/DragList-Prefix.pch";
				INFOPLIST_FILE = "DragList/DragList-Info.plist";
				IPHONEOS_DEPLOYMENT_TARGET = 4.3;
				PRODUCT_NAME = "$(TARGET_NAME)";
				WRAPPER_EXTENSION = app;
			};
			name = Debug;
		};
		4A81A3CC168C34D4006180C5 /* Release */ = {
			isa = XCBuildConfiguration;
			buildSettings = {
				GCC_PRECOMPILE_PREFIX_HEADER = YES;
				GCC_PREFIX_HEADER = "DragList/DragList-Prefix.pch";
				INFOPLIST_FILE = "DragList/DragList-Info.plist";
				IPHONEOS_DEPLOYMENT_TARGET = 4.3;
				PRODUCT_NAME = "$(TARGET_NAME)";
				WRAPPER_EXTENSION = app;
			};
			name = Release;
		};
/* End XCBuildConfiguration section */

/* Begin XCConfigurationList section */
		4A81A3A0168C34D4006180C5 /* Build configuration list for PBXProject "DragList" */ = {
			isa = XCConfigurationList;
			buildConfigurations = (
				4A81A3C8168C34D4006180C5 /* Debug */,
				4A81A3C9168C34D4006180C5 /* Release */,
			);
			defaultConfigurationIsVisible = 0;
			defaultConfigurationName = Release;
		};
		4A81A3CA168C34D4006180C5 /* Build configuration list for PBXNativeTarget "DragList" */ = {
			isa = XCConfigurationList;
			buildConfigurations = (
				4A81A3CB168C34D4006180C5 /* Debug */,
				4A81A3CC168C34D4006180C5 /* Release */,
			);
			defaultConfigurationIsVisible = 0;
		};
/* End XCConfigurationList section */
	};
	rootObject = 4A81A39D168C34D4006180C5 /* Project object */;
}
